
Microsoft Visual Studio Solution File, Format Version 12.00
# Visual Studio Version 17
VisualStudioVersion = 17.13.35931.197 d17.13
MinimumVisualStudioVersion = 10.0.40219.1
Project("{8BC9CEB8-8B4A-11D0-8D11-00A0C91BC942}") = "NetworkEngine", "NetworkEngine\NetworkEngine.vcxproj", "{BFFF40D8-6CAA-4F7A-8857-286313A90D1F}"
EndProject
Global
	GlobalSection(SolutionConfigurationPlatforms) = preSolution
		Debug|x64 = Debug|x64
		Debug|x86 = Debug|x86
		Release|x64 = Release|x64
		Release|x86 = Release|x86
	EndGlobalSection
	GlobalSection(ProjectConfigurationPlatforms) = postSolution
		{BFFF40D8-6CAA-4F7A-8857-286313A90D1F}.Debug|x64.ActiveCfg = Debug|x64
		{BFFF40D8-6CAA-4F7A-8857-286313A90D1F}.Debug|x64.Build.0 = Debug|x64
		{BFFF40D8-6CAA-4F7A-8857-286313A90D1F}.Debug|x86.ActiveCfg = Debug|Win32
		{BFFF40D8-6CAA-4F7A-8857-286313A90D1F}.Debug|x86.Build.0 = Debug|Win32
		{BFFF40D8-6CAA-4F7A-8857-286313A90D1F}.Release|x64.ActiveCfg = Release|x64
		{BFFF40D8-6CAA-4F7A-8857-286313A90D1F}.Release|x64.Build.0 = Release|x64
		{BFFF40D8-6CAA-4F7A-8857-286313A90D1F}.Release|x86.ActiveCfg = Release|Win32
		{BFFF40D8-6CAA-4F7A-8857-286313A90D1F}.Release|x86.Build.0 = Release|Win32
	EndGlobalSection
	GlobalSection(SolutionProperties) = preSolution
		HideSolutionNode = FALSE
	EndGlobalSection
	GlobalSection(ExtensibilityGlobals) = postSolution
		SolutionGuid = {BCC36965-7C7C-441A-BFD4-7B70AE7E7C2A}
	EndGlobalSection
EndGlobal
